// !$*UTF8*$!
{
	archiveVersion = 1;
	classes = {
	};
	objectVersion = 50;
	objects = {

/* Begin PBXBuildFile section */
		F49B5B362582D8D800BF113F /* AppDelegate.swift in Sources */ = {isa = PBXBuildFile; fileRef = F49B5B352582D8D800BF113F /* AppDelegate.swift */; };
		F49B5B382582D8D800BF113F /* SceneDelegate.swift in Sources */ = {isa = PBXBuildFile; fileRef = F49B5B372582D8D800BF113F /* SceneDelegate.swift */; };
		F49B5B3A2582D8D800BF113F /* ViewController.swift in Sources */ = {isa = PBXBuildFile; fileRef = F49B5B392582D8D800BF113F /* ViewController.swift */; };
		F49B5B3D2582D8D800BF113F /* Main.storyboard in Resources */ = {isa = PBXBuildFile; fileRef = F49B5B3B2582D8D800BF113F /* Main.storyboard */; };
		F49B5B402582D8D800BF113F /* iOSTestFirebase.xcdatamodeld in Sources */ = {isa = PBXBuildFile; fileRef = F49B5B3E2582D8D800BF113F /* iOSTestFirebase.xcdatamodeld */; };
		F49B5B422582D8DA00BF113F /* Assets.xcassets in Resources */ = {isa = PBXBuildFile; fileRef = F49B5B412582D8DA00BF113F /* Assets.xcassets */; };
		F49B5B452582D8DA00BF113F /* LaunchScreen.storyboard in Resources */ = {isa = PBXBuildFile; fileRef = F49B5B432582D8DA00BF113F /* LaunchScreen.storyboard */; };
		F49B5B502582D8DB00BF113F /* iOSTestFirebaseTests.swift in Sources */ = {isa = PBXBuildFile; fileRef = F49B5B4F2582D8DB00BF113F /* iOSTestFirebaseTests.swift */; };
		F49B5B5B2582D8DB00BF113F /* iOSTestFirebaseUITests.swift in Sources */ = {isa = PBXBuildFile; fileRef = F49B5B5A2582D8DB00BF113F /* iOSTestFirebaseUITests.swift */; };
/* End PBXBuildFile section */

/* Begin PBXContainerItemProxy section */
		F49B5B4C2582D8DB00BF113F /* PBXContainerItemProxy */ = {
			isa = PBXContainerItemProxy;
			containerPortal = F49B5B2A2582D8D800BF113F /* Project object */;
			proxyType = 1;
			remoteGlobalIDString = F49B5B312582D8D800BF113F;
			remoteInfo = iOSTestFirebase;
		};
		F49B5B572582D8DB00BF113F /* PBXContainerItemProxy */ = {
			isa = PBXContainerItemProxy;
			containerPortal = F49B5B2A2582D8D800BF113F /* Project object */;
			proxyType = 1;
			remoteGlobalIDString = F49B5B312582D8D800BF113F;
			remoteInfo = iOSTestFirebase;
		};
/* End PBXContainerItemProxy section */

/* Begin PBXFileReference section */
		F49B5B322582D8D800BF113F /* iOSTestFirebase.app */ = {isa = PBXFileReference; explicitFileType = wrapper.application; includeInIndex = 0; path = iOSTestFirebase.app; sourceTree = BUILT_PRODUCTS_DIR; };
		F49B5B352582D8D800BF113F /* AppDelegate.swift */ = {isa = PBXFileReference; lastKnownFileType = sourcecode.swift; path = AppDelegate.swift; sourceTree = "<group>"; };
		F49B5B372582D8D800BF113F /* SceneDelegate.swift */ = {isa = PBXFileReference; lastKnownFileType = sourcecode.swift; path = SceneDelegate.swift; sourceTree = "<group>"; };
		F49B5B392582D8D800BF113F /* ViewController.swift */ = {isa = PBXFileReference; lastKnownFileType = sourcecode.swift; path = ViewController.swift; sourceTree = "<group>"; };
		F49B5B3C2582D8D800BF113F /* Base */ = {isa = PBXFileReference; lastKnownFileType = file.storyboard; name = Base; path = Base.lproj/Main.storyboard; sourceTree = "<group>"; };
		F49B5B3F2582D8D800BF113F /* iOSTestFirebase.xcdatamodel */ = {isa = PBXFileReference; lastKnownFileType = wrapper.xcdatamodel; path = iOSTestFirebase.xcdatamodel; sourceTree = "<group>"; };
		F49B5B412582D8DA00BF113F /* Assets.xcassets */ = {isa = PBXFileReference; lastKnownFileType = folder.assetcatalog; path = Assets.xcassets; sourceTree = "<group>"; };
		F49B5B442582D8DA00BF113F /* Base */ = {isa = PBXFileReference; lastKnownFileType = file.storyboard; name = Base; path = Base.lproj/LaunchScreen.storyboard; sourceTree = "<group>"; };
		F49B5B462582D8DA00BF113F /* Info.plist */ = {isa = PBXFileReference; lastKnownFileType = text.plist.xml; path = Info.plist; sourceTree = "<group>"; };
		F49B5B4B2582D8DB00BF113F /* iOSTestFirebaseTests.xctest */ = {isa = PBXFileReference; explicitFileType = wrapper.cfbundle; includeInIndex = 0; path = iOSTestFirebaseTests.xctest; sourceTree = BUILT_PRODUCTS_DIR; };
		F49B5B4F2582D8DB00BF113F /* iOSTestFirebaseTests.swift */ = {isa = PBXFileReference; lastKnownFileType = sourcecode.swift; path = iOSTestFirebaseTests.swift; sourceTree = "<group>"; };
		F49B5B512582D8DB00BF113F /* Info.plist */ = {isa = PBXFileReference; lastKnownFileType = text.plist.xml; path = Info.plist; sourceTree = "<group>"; };
		F49B5B562582D8DB00BF113F /* iOSTestFirebaseUITests.xctest */ = {isa = PBXFileReference; explicitFileType = wrapper.cfbundle; includeInIndex = 0; path = iOSTestFirebaseUITests.xctest; sourceTree = BUILT_PRODUCTS_DIR; };
		F49B5B5A2582D8DB00BF113F /* iOSTestFirebaseUITests.swift */ = {isa = PBXFileReference; lastKnownFileType = sourcecode.swift; path = iOSTestFirebaseUITests.swift; sourceTree = "<group>"; };
		F49B5B5C2582D8DB00BF113F /* Info.plist */ = {isa = PBXFileReference; lastKnownFileType = text.plist.xml; path = Info.plist; sourceTree = "<group>"; };
/* End PBXFileReference section */

/* Begin PBXFrameworksBuildPhase section */
		F49B5B2F2582D8D800BF113F /* Frameworks */ = {
			isa = PBXFrameworksBuildPhase;
			buildActionMask = 2147483647;
			files = (
			);
			runOnlyForDeploymentPostprocessing = 0;
		};
		F49B5B482582D8DB00BF113F /* Frameworks */ = {
			isa = PBXFrameworksBuildPhase;
			buildActionMask = 2147483647;
			files = (
			);
			runOnlyForDeploymentPostprocessing = 0;
		};
		F49B5B532582D8DB00BF113F /* Frameworks */ = {
			isa = PBXFrameworksBuildPhase;
			buildActionMask = 2147483647;
			files = (
			);
			runOnlyForDeploymentPostprocessing = 0;
		};
/* End PBXFrameworksBuildPhase section */

/* Begin PBXGroup section */
		F49B5B292582D8D800BF113F = {
			isa = PBXGroup;
			children = (
				F49B5B342582D8D800BF113F /* iOSTestFirebase */,
				F49B5B4E2582D8DB00BF113F /* iOSTestFirebaseTests */,
				F49B5B592582D8DB00BF113F /* iOSTestFirebaseUITests */,
				F49B5B332582D8D800BF113F /* Products */,
			);
			sourceTree = "<group>";
		};
		F49B5B332582D8D800BF113F /* Products */ = {
			isa = PBXGroup;
			children = (
				F49B5B322582D8D800BF113F /* iOSTestFirebase.app */,
				F49B5B4B2582D8DB00BF113F /* iOSTestFirebaseTests.xctest */,
				F49B5B562582D8DB00BF113F /* iOSTestFirebaseUITests.xctest */,
			);
			name = Products;
			sourceTree = "<group>";
		};
		F49B5B342582D8D800BF113F /* iOSTestFirebase */ = {
			isa = PBXGroup;
			children = (
				F49B5B352582D8D800BF113F /* AppDelegate.swift */,
				F49B5B372582D8D800BF113F /* SceneDelegate.swift */,
				F49B5B392582D8D800BF113F /* ViewController.swift */,
				F49B5B3B2582D8D800BF113F /* Main.storyboard */,
				F49B5B412582D8DA00BF113F /* Assets.xcassets */,
				F49B5B432582D8DA00BF113F /* LaunchScreen.storyboard */,
				F49B5B462582D8DA00BF113F /* Info.plist */,
				F49B5B3E2582D8D800BF113F /* iOSTestFirebase.xcdatamodeld */,
			);
			path = iOSTestFirebase;
			sourceTree = "<group>";
		};
		F49B5B4E2582D8DB00BF113F /* iOSTestFirebaseTests */ = {
			isa = PBXGroup;
			children = (
				F49B5B4F2582D8DB00BF113F /* iOSTestFirebaseTests.swift */,
				F49B5B512582D8DB00BF113F /* Info.plist */,
			);
			path = iOSTestFirebaseTests;
			sourceTree = "<group>";
		};
		F49B5B592582D8DB00BF113F /* iOSTestFirebaseUITests */ = {
			isa = PBXGroup;
			children = (
				F49B5B5A2582D8DB00BF113F /* iOSTestFirebaseUITests.swift */,
				F49B5B5C2582D8DB00BF113F /* Info.plist */,
			);
			path = iOSTestFirebaseUITests;
			sourceTree = "<group>";
		};
/* End PBXGroup section */

/* Begin PBXNativeTarget section */
		F49B5B312582D8D800BF113F /* iOSTestFirebase */ = {
			isa = PBXNativeTarget;
			buildConfigurationList = F49B5B5F2582D8DB00BF113F /* Build configuration list for PBXNativeTarget "iOSTestFirebase" */;
			buildPhases = (
				F49B5B2E2582D8D800BF113F /* Sources */,
				F49B5B2F2582D8D800BF113F /* Frameworks */,
				F49B5B302582D8D800BF113F /* Resources */,
			);
			buildRules = (
			);
			dependencies = (
			);
			name = iOSTestFirebase;
			productName = iOSTestFirebase;
			productReference = F49B5B322582D8D800BF113F /* iOSTestFirebase.app */;
			productType = "com.apple.product-type.application";
		};
		F49B5B4A2582D8DB00BF113F /* iOSTestFirebaseTests */ = {
			isa = PBXNativeTarget;
			buildConfigurationList = F49B5B622582D8DB00BF113F /* Build configuration list for PBXNativeTarget "iOSTestFirebaseTests" */;
			buildPhases = (
				F49B5B472582D8DB00BF113F /* Sources */,
				F49B5B482582D8DB00BF113F /* Frameworks */,
				F49B5B492582D8DB00BF113F /* Resources */,
			);
			buildRules = (
			);
			dependencies = (
				F49B5B4D2582D8DB00BF113F /* PBXTargetDependency */,
			);
			name = iOSTestFirebaseTests;
			productName = iOSTestFirebaseTests;
			productReference = F49B5B4B2582D8DB00BF113F /* iOSTestFirebaseTests.xctest */;
			productType = "com.apple.product-type.bundle.unit-test";
		};
		F49B5B552582D8DB00BF113F /* iOSTestFirebaseUITests */ = {
			isa = PBXNativeTarget;
			buildConfigurationList = F49B5B652582D8DB00BF113F /* Build configuration list for PBXNativeTarget "iOSTestFirebaseUITests" */;
			buildPhases = (
				F49B5B522582D8DB00BF113F /* Sources */,
				F49B5B532582D8DB00BF113F /* Frameworks */,
				F49B5B542582D8DB00BF113F /* Resources */,
			);
			buildRules = (
			);
			dependencies = (
				F49B5B582582D8DB00BF113F /* PBXTargetDependency */,
			);
			name = iOSTestFirebaseUITests;
			productName = iOSTestFirebaseUITests;
			productReference = F49B5B562582D8DB00BF113F /* iOSTestFirebaseUITests.xctest */;
			productType = "com.apple.product-type.bundle.ui-testing";
		};
/* End PBXNativeTarget section */

/* Begin PBXProject section */
		F49B5B2A2582D8D800BF113F /* Project object */ = {
			isa = PBXProject;
			attributes = {
				LastSwiftUpdateCheck = 1210;
				LastUpgradeCheck = 1210;
				TargetAttributes = {
					F49B5B312582D8D800BF113F = {
						CreatedOnToolsVersion = 12.1;
					};
					F49B5B4A2582D8DB00BF113F = {
						CreatedOnToolsVersion = 12.1;
						TestTargetID = F49B5B312582D8D800BF113F;
					};
					F49B5B552582D8DB00BF113F = {
						CreatedOnToolsVersion = 12.1;
						TestTargetID = F49B5B312582D8D800BF113F;
					};
				};
			};
			buildConfigurationList = F49B5B2D2582D8D800BF113F /* Build configuration list for PBXProject "iOSTestFirebase" */;
			compatibilityVersion = "Xcode 9.3";
			developmentRegion = en;
			hasScannedForEncodings = 0;
			knownRegions = (
				en,
				Base,
			);
			mainGroup = F49B5B292582D8D800BF113F;
			productRefGroup = F49B5B332582D8D800BF113F /* Products */;
			projectDirPath = "";
			projectRoot = "";
			targets = (
				F49B5B312582D8D800BF113F /* iOSTestFirebase */,
				F49B5B4A2582D8DB00BF113F /* iOSTestFirebaseTests */,
				F49B5B552582D8DB00BF113F /* iOSTestFirebaseUITests */,
			);
		};
/* End PBXProject section */

/* Begin PBXResourcesBuildPhase section */
		F49B5B302582D8D800BF113F /* Resources */ = {
			isa = PBXResourcesBuildPhase;
			buildActionMask = 2147483647;
			files = (
				F49B5B452582D8DA00BF113F /* LaunchScreen.storyboard in Resources */,
				F49B5B422582D8DA00BF113F /* Assets.xcassets in Resources */,
				F49B5B3D2582D8D800BF113F /* Main.storyboard in Resources */,
			);
			runOnlyForDeploymentPostprocessing = 0;
		};
		F49B5B492582D8DB00BF113F /* Resources */ = {
			isa = PBXResourcesBuildPhase;
			buildActionMask = 2147483647;
			files = (
			);
			runOnlyForDeploymentPostprocessing = 0;
		};
		F49B5B542582D8DB00BF113F /* Resources */ = {
			isa = PBXResourcesBuildPhase;
			buildActionMask = 2147483647;
			files = (
			);
			runOnlyForDeploymentPostprocessing = 0;
		};
/* End PBXResourcesBuildPhase section */

/* Begin PBXSourcesBuildPhase section */
		F49B5B2E2582D8D800BF113F /* Sources */ = {
			isa = PBXSourcesBuildPhase;
			buildActionMask = 2147483647;
			files = (
				F49B5B402582D8D800BF113F /* iOSTestFirebase.xcdatamodeld in Sources */,
				F49B5B3A2582D8D800BF113F /* ViewController.swift in Sources */,
				F49B5B362582D8D800BF113F /* AppDelegate.swift in Sources */,
				F49B5B382582D8D800BF113F /* SceneDelegate.swift in Sources */,
			);
			runOnlyForDeploymentPostprocessing = 0;
		};
		F49B5B472582D8DB00BF113F /* Sources */ = {
			isa = PBXSourcesBuildPhase;
			buildActionMask = 2147483647;
			files = (
				F49B5B502582D8DB00BF113F /* iOSTestFirebaseTests.swift in Sources */,
			);
			runOnlyForDeploymentPostprocessing = 0;
		};
		F49B5B522582D8DB00BF113F /* Sources */ = {
			isa = PBXSourcesBuildPhase;
			buildActionMask = 2147483647;
			files = (
				F49B5B5B2582D8DB00BF113F /* iOSTestFirebaseUITests.swift in Sources */,
			);
			runOnlyForDeploymentPostprocessing = 0;
		};
/* End PBXSourcesBuildPhase section */

/* Begin PBXTargetDependency section */
		F49B5B4D2582D8DB00BF113F /* PBXTargetDependency */ = {
			isa = PBXTargetDependency;
			target = F49B5B312582D8D800BF113F /* iOSTestFirebase */;
			targetProxy = F49B5B4C2582D8DB00BF113F /* PBXContainerItemProxy */;
		};
		F49B5B582582D8DB00BF113F /* PBXTargetDependency */ = {
			isa = PBXTargetDependency;
			target = F49B5B312582D8D800BF113F /* iOSTestFirebase */;
			targetProxy = F49B5B572582D8DB00BF113F /* PBXContainerItemProxy */;
		};
/* End PBXTargetDependency section */

/* Begin PBXVariantGroup section */
		F49B5B3B2582D8D800BF113F /* Main.storyboard */ = {
			isa = PBXVariantGroup;
			children = (
				F49B5B3C2582D8D800BF113F /* Base */,
			);
			name = Main.storyboard;
			sourceTree = "<group>";
		};
		F49B5B432582D8DA00BF113F /* LaunchScreen.storyboard */ = {
			isa = PBXVariantGroup;
			children = (
				F49B5B442582D8DA00BF113F /* Base */,
			);
			name = LaunchScreen.storyboard;
			sourceTree = "<group>";
		};
/* End PBXVariantGroup section */

/* Begin XCBuildConfiguration section */
		F49B5B5D2582D8DB00BF113F /* Debug */ = {
			isa = XCBuildConfiguration;
			buildSettings = {
				ALWAYS_SEARCH_USER_PATHS = NO;
				CLANG_ANALYZER_NONNULL = YES;
				CLANG_ANALYZER_NUMBER_OBJECT_CONVERSION = YES_AGGRESSIVE;
				CLANG_CXX_LANGUAGE_STANDARD = "gnu++14";
				CLANG_CXX_LIBRARY = "libc++";
				CLANG_ENABLE_MODULES = YES;
				CLANG_ENABLE_OBJC_ARC = YES;
				CLANG_ENABLE_OBJC_WEAK = YES;
				CLANG_WARN_BLOCK_CAPTURE_AUTORELEASING = YES;
				CLANG_WARN_BOOL_CONVERSION = YES;
				CLANG_WARN_COMMA = YES;
				CLANG_WARN_CONSTANT_CONVERSION = YES;
				CLANG_WARN_DEPRECATED_OBJC_IMPLEMENTATIONS = YES;
				CLANG_WARN_DIRECT_OBJC_ISA_USAGE = YES_ERROR;
				CLANG_WARN_DOCUMENTATION_COMMENTS = YES;
				CLANG_WARN_EMPTY_BODY = YES;
				CLANG_WARN_ENUM_CONVERSION = YES;
				CLANG_WARN_INFINITE_RECURSION = YES;
				CLANG_WARN_INT_CONVERSION = YES;
				CLANG_WARN_NON_LITERAL_NULL_CONVERSION = YES;
				CLANG_WARN_OBJC_IMPLICIT_RETAIN_SELF = YES;
				CLANG_WARN_OBJC_LITERAL_CONVERSION = YES;
				CLANG_WARN_OBJC_ROOT_CLASS = YES_ERROR;
				CLANG_WARN_QUOTED_INCLUDE_IN_FRAMEWORK_HEADER = YES;
				CLANG_WARN_RANGE_LOOP_ANALYSIS = YES;
				CLANG_WARN_STRICT_PROTOTYPES = YES;
				CLANG_WARN_SUSPICIOUS_MOVE = YES;
				CLANG_WARN_UNGUARDED_AVAILABILITY = YES_AGGRESSIVE;
				CLANG_WARN_UNREACHABLE_CODE = YES;
				CLANG_WARN__DUPLICATE_METHOD_MATCH = YES;
				COPY_PHASE_STRIP = NO;
				DEBUG_INFORMATION_FORMAT = dwarf;
				ENABLE_STRICT_OBJC_MSGSEND = YES;
				ENABLE_TESTABILITY = YES;
				GCC_C_LANGUAGE_STANDARD = gnu11;
				GCC_DYNAMIC_NO_PIC = NO;
				GCC_NO_COMMON_BLOCKS = YES;
				GCC_OPTIMIZATION_LEVEL = 0;
				GCC_PREPROCESSOR_DEFINITIONS = (
					"DEBUG=1",
					"$(inherited)",
				);
				GCC_WARN_64_TO_32_BIT_CONVERSION = YES;
				GCC_WARN_ABOUT_RETURN_TYPE = YES_ERROR;
				GCC_WARN_UNDECLARED_SELECTOR = YES;
				GCC_WARN_UNINITIALIZED_AUTOS = YES_AGGRESSIVE;
				GCC_WARN_UNUSED_FUNCTION = YES;
				GCC_WARN_UNUSED_VARIABLE = YES;
				IPHONEOS_DEPLOYMENT_TARGET = 14.1;
				MTL_ENABLE_DEBUG_INFO = INCLUDE_SOURCE;
				MTL_FAST_MATH = YES;
				ONLY_ACTIVE_ARCH = YES;
				SDKROOT = iphoneos;
				SWIFT_ACTIVE_COMPILATION_CONDITIONS = DEBUG;
				SWIFT_OPTIMIZATION_LEVEL = "-Onone";
			};
			name = Debug;
		};
		F49B5B5E2582D8DB00BF113F /* Release */ = {
			isa = XCBuildConfiguration;
			buildSettings = {
				ALWAYS_SEARCH_USER_PATHS = NO;
				CLANG_ANALYZER_NONNULL = YES;
				CLANG_ANALYZER_NUMBER_OBJECT_CONVERSION = YES_AGGRESSIVE;
				CLANG_CXX_LANGUAGE_STANDARD = "gnu++14";
				CLANG_CXX_LIBRARY = "libc++";
				CLANG_ENABLE_MODULES = YES;
				CLANG_ENABLE_OBJC_ARC = YES;
				CLANG_ENABLE_OBJC_WEAK = YES;
				CLANG_WARN_BLOCK_CAPTURE_AUTORELEASING = YES;
				CLANG_WARN_BOOL_CONVERSION = YES;
				CLANG_WARN_COMMA = YES;
				CLANG_WARN_CONSTANT_CONVERSION = YES;
				CLANG_WARN_DEPRECATED_OBJC_IMPLEMENTATIONS = YES;
				CLANG_WARN_DIRECT_OBJC_ISA_USAGE = YES_ERROR;
				CLANG_WARN_DOCUMENTATION_COMMENTS = YES;
				CLANG_WARN_EMPTY_BODY = YES;
				CLANG_WARN_ENUM_CONVERSION = YES;
				CLANG_WARN_INFINITE_RECURSION = YES;
				CLANG_WARN_INT_CONVERSION = YES;
				CLANG_WARN_NON_LITERAL_NULL_CONVERSION = YES;
				CLANG_WARN_OBJC_IMPLICIT_RETAIN_SELF = YES;
				CLANG_WARN_OBJC_LITERAL_CONVERSION = YES;
				CLANG_WARN_OBJC_ROOT_CLASS = YES_ERROR;
				CLANG_WARN_QUOTED_INCLUDE_IN_FRAMEWORK_HEADER = YES;
				CLANG_WARN_RANGE_LOOP_ANALYSIS = YES;
				CLANG_WARN_STRICT_PROTOTYPES = YES;
				CLANG_WARN_SUSPICIOUS_MOVE = YES;
				CLANG_WARN_UNGUARDED_AVAILABILITY = YES_AGGRESSIVE;
				CLANG_WARN_UNREACHABLE_CODE = YES;
				CLANG_WARN__DUPLICATE_METHOD_MATCH = YES;
				COPY_PHASE_STRIP = NO;
				DEBUG_INFORMATION_FORMAT = "dwarf-with-dsym";
				ENABLE_NS_ASSERTIONS = NO;
				ENABLE_STRICT_OBJC_MSGSEND = YES;
				GCC_C_LANGUAGE_STANDARD = gnu11;
				GCC_NO_COMMON_BLOCKS = YES;
				GCC_WARN_64_TO_32_BIT_CONVERSION = YES;
				GCC_WARN_ABOUT_RETURN_TYPE = YES_ERROR;
				GCC_WARN_UNDECLARED_SELECTOR = YES;
				GCC_WARN_UNINITIALIZED_AUTOS = YES_AGGRESSIVE;
				GCC_WARN_UNUSED_FUNCTION = YES;
				GCC_WARN_UNUSED_VARIABLE = YES;
				IPHONEOS_DEPLOYMENT_TARGET = 14.1;
				MTL_ENABLE_DEBUG_INFO = NO;
				MTL_FAST_MATH = YES;
				SDKROOT = iphoneos;
				SWIFT_COMPILATION_MODE = wholemodule;
				SWIFT_OPTIMIZATION_LEVEL = "-O";
				VALIDATE_PRODUCT = YES;
			};
			name = Release;
		};
		F49B5B602582D8DB00BF113F /* Debug */ = {
			isa = XCBuildConfiguration;
			buildSettings = {
				ASSETCATALOG_COMPILER_APPICON_NAME = AppIcon;
				ASSETCATALOG_COMPILER_GLOBAL_ACCENT_COLOR_NAME = AccentColor;
				CODE_SIGN_STYLE = Automatic;
				DEVELOPMENT_TEAM = G88345MH3F;
				INFOPLIST_FILE = iOSTestFirebase/Info.plist;
				LD_RUNPATH_SEARCH_PATHS = (
					"$(inherited)",
					"@executable_path/Frameworks",
				);
				PRODUCT_BUNDLE_IDENTIFIER = com.smi.test.iOSTestFirebase;
				PRODUCT_NAME = "$(TARGET_NAME)";
				SWIFT_VERSION = 5.0;
				TARGETED_DEVICE_FAMILY = "1,2";
			};
			name = Debug;
		};
		F49B5B612582D8DB00BF113F /* Release */ = {
			isa = XCBuildConfiguration;
			buildSettings = {
				ASSETCATALOG_COMPILER_APPICON_NAME = AppIcon;
				ASSETCATALOG_COMPILER_GLOBAL_ACCENT_COLOR_NAME = AccentColor;
				CODE_SIGN_STYLE = Automatic;
				DEVELOPMENT_TEAM = G88345MH3F;
				INFOPLIST_FILE = iOSTestFirebase/Info.plist;
				LD_RUNPATH_SEARCH_PATHS = (
					"$(inherited)",
					"@executable_path/Frameworks",
				);
				PRODUCT_BUNDLE_IDENTIFIER = com.smi.test.iOSTestFirebase;
				PRODUCT_NAME = "$(TARGET_NAME)";
				SWIFT_VERSION = 5.0;
				TARGETED_DEVICE_FAMILY = "1,2";
			};
			name = Release;
		};
		F49B5B632582D8DB00BF113F /* Debug */ = {
			isa = XCBuildConfiguration;
			buildSettings = {
				ALWAYS_EMBED_SWIFT_STANDARD_LIBRARIES = YES;
				BUNDLE_LOADER = "$(TEST_HOST)";
				CODE_SIGN_STYLE = Automatic;
				DEVELOPMENT_TEAM = G88345MH3F;
				INFOPLIST_FILE = iOSTestFirebaseTests/Info.plist;
				IPHONEOS_DEPLOYMENT_TARGET = 14.1;
				LD_RUNPATH_SEARCH_PATHS = (
					"$(inherited)",
					"@executable_path/Frameworks",
					"@loader_path/Frameworks",
				);
				PRODUCT_BUNDLE_IDENTIFIER = com.smi.test.iOSTestFirebaseTests;
				PRODUCT_NAME = "$(TARGET_NAME)";
				SWIFT_VERSION = 5.0;
				TARGETED_DEVICE_FAMILY = "1,2";
				TEST_HOST = "$(BUILT_PRODUCTS_DIR)/iOSTestFirebase.app/iOSTestFirebase";
			};
			name = Debug;
		};
		F49B5B642582D8DB00BF113F /* Release */ = {
			isa = XCBuildConfiguration;
			buildSettings = {
				ALWAYS_EMBED_SWIFT_STANDARD_LIBRARIES = YES;
				BUNDLE_LOADER = "$(TEST_HOST)";
				CODE_SIGN_STYLE = Automatic;
				DEVELOPMENT_TEAM = G88345MH3F;
				INFOPLIST_FILE = iOSTestFirebaseTests/Info.plist;
				IPHONEOS_DEPLOYMENT_TARGET = 14.1;
				LD_RUNPATH_SEARCH_PATHS = (
					"$(inherited)",
					"@executable_path/Frameworks",
					"@loader_path/Frameworks",
				);
				PRODUCT_BUNDLE_IDENTIFIER = com.smi.test.iOSTestFirebaseTests;
				PRODUCT_NAME = "$(TARGET_NAME)";
				SWIFT_VERSION = 5.0;
				TARGETED_DEVICE_FAMILY = "1,2";
				TEST_HOST = "$(BUILT_PRODUCTS_DIR)/iOSTestFirebase.app/iOSTestFirebase";
			};
			name = Release;
		};
		F49B5B662582D8DB00BF113F /* Debug */ = {
			isa = XCBuildConfiguration;
			buildSettings = {
				ALWAYS_EMBED_SWIFT_STANDARD_LIBRARIES = YES;
				CODE_SIGN_STYLE = Automatic;
				DEVELOPMENT_TEAM = G88345MH3F;
				INFOPLIST_FILE = iOSTestFirebaseUITests/Info.plist;
				LD_RUNPATH_SEARCH_PATHS = (
					"$(inherited)",
					"@executable_path/Frameworks",
					"@loader_path/Frameworks",
				);
				PRODUCT_BUNDLE_IDENTIFIER = com.smi.test.iOSTestFirebaseUITests;
				PRODUCT_NAME = "$(TARGET_NAME)";
				SWIFT_VERSION = 5.0;
				TARGETED_DEVICE_FAMILY = "1,2";
				TEST_TARGET_NAME = iOSTestFirebase;
			};
			name = Debug;
		};
		F49B5B672582D8DB00BF113F /* Release */ = {
			isa = XCBuildConfiguration;
			buildSettings = {
				ALWAYS_EMBED_SWIFT_STANDARD_LIBRARIES = YES;
				CODE_SIGN_STYLE = Automatic;
				DEVELOPMENT_TEAM = G88345MH3F;
				INFOPLIST_FILE = iOSTestFirebaseUITests/Info.plist;
				LD_RUNPATH_SEARCH_PATHS = (
					"$(inherited)",
					"@executable_path/Frameworks",
					"@loader_path/Frameworks",
				);
				PRODUCT_BUNDLE_IDENTIFIER = com.smi.test.iOSTestFirebaseUITests;
				PRODUCT_NAME = "$(TARGET_NAME)";
				SWIFT_VERSION = 5.0;
				TARGETED_DEVICE_FAMILY = "1,2";
				TEST_TARGET_NAME = iOSTestFirebase;
			};
			name = Release;
		};
/* End XCBuildConfiguration section */

/* Begin XCConfigurationList section */
		F49B5B2D2582D8D800BF113F /* Build configuration list for PBXProject "iOSTestFirebase" */ = {
			isa = XCConfigurationList;
			buildConfigurations = (
				F49B5B5D2582D8DB00BF113F /* Debug */,
				F49B5B5E2582D8DB00BF113F /* Release */,
			);
			defaultConfigurationIsVisible = 0;
			defaultConfigurationName = Release;
		};
		F49B5B5F2582D8DB00BF113F /* Build configuration list for PBXNativeTarget "iOSTestFirebase" */ = {
			isa = XCConfigurationList;
			buildConfigurations = (
				F49B5B602582D8DB00BF113F /* Debug */,
				F49B5B612582D8DB00BF113F /* Release */,
			);
			defaultConfigurationIsVisible = 0;
			defaultConfigurationName = Release;
		};
		F49B5B622582D8DB00BF113F /* Build configuration list for PBXNativeTarget "iOSTestFirebaseTests" */ = {
			isa = XCConfigurationList;
			buildConfigurations = (
				F49B5B632582D8DB00BF113F /* Debug */,
				F49B5B642582D8DB00BF113F /* Release */,
			);
			defaultConfigurationIsVisible = 0;
			defaultConfigurationName = Release;
		};
		F49B5B652582D8DB00BF113F /* Build configuration list for PBXNativeTarget "iOSTestFirebaseUITests" */ = {
			isa = XCConfigurationList;
			buildConfigurations = (
				F49B5B662582D8DB00BF113F /* Debug */,
				F49B5B672582D8DB00BF113F /* Release */,
			);
			defaultConfigurationIsVisible = 0;
			defaultConfigurationName = Release;
		};
/* End XCConfigurationList section */

/* Begin XCVersionGroup section */
		F49B5B3E2582D8D800BF113F /* iOSTestFirebase.xcdatamodeld */ = {
			isa = XCVersionGroup;
			children = (
				F49B5B3F2582D8D800BF113F /* iOSTestFirebase.xcdatamodel */,
			);
			currentVersion = F49B5B3F2582D8D800BF113F /* iOSTestFirebase.xcdatamodel */;
			path = iOSTestFirebase.xcdatamodeld;
			sourceTree = "<group>";
			versionGroupType = wrapper.xcdatamodel;
		};
/* End XCVersionGroup section */
	};
	rootObject = F49B5B2A2582D8D800BF113F /* Project object */;
}
